// !$*UTF8*$!
{
	archiveVersion = 1;
	classes = {
	};
	objectVersion = 50;
	objects = {

/* Begin PBXBuildFile section */
		A87C17E727B4E2A8006403F4 /* AppDelegate.swift in Sources */ = {isa = PBXBuildFile; fileRef = A87C17E627B4E2A8006403F4 /* AppDelegate.swift */; };
		A87C17E927B4E2A8006403F4 /* SceneDelegate.swift in Sources */ = {isa = PBXBuildFile; fileRef = A87C17E827B4E2A8006403F4 /* SceneDelegate.swift */; };
		A87C17EB27B4E2A8006403F4 /* ViewController.swift in Sources */ = {isa = PBXBuildFile; fileRef = A87C17EA27B4E2A8006403F4 /* ViewController.swift */; };
		A87C17EE27B4E2A8006403F4 /* Main.storyboard in Resources */ = {isa = PBXBuildFile; fileRef = A87C17EC27B4E2A8006403F4 /* Main.storyboard */; };
		A87C17F027B4E2A9006403F4 /* Assets.xcassets in Resources */ = {isa = PBXBuildFile; fileRef = A87C17EF27B4E2A9006403F4 /* Assets.xcassets */; };
		A87C17F327B4E2A9006403F4 /* LaunchScreen.storyboard in Resources */ = {isa = PBXBuildFile; fileRef = A87C17F127B4E2A9006403F4 /* LaunchScreen.storyboard */; };
		A87C17FE27B4E2A9006403F4 /* HackwichThreeTests.swift in Sources */ = {isa = PBXBuildFile; fileRef = A87C17FD27B4E2A9006403F4 /* HackwichThreeTests.swift */; };
		A87C180927B4E2A9006403F4 /* HackwichThreeUITests.swift in Sources */ = {isa = PBXBuildFile; fileRef = A87C180827B4E2A9006403F4 /* HackwichThreeUITests.swift */; };
/* End PBXBuildFile section */

/* Begin PBXContainerItemProxy section */
		A87C17FA27B4E2A9006403F4 /* PBXContainerItemProxy */ = {
			isa = PBXContainerItemProxy;
			containerPortal = A87C17DB27B4E2A8006403F4 /* Project object */;
			proxyType = 1;
			remoteGlobalIDString = A87C17E227B4E2A8006403F4;
			remoteInfo = HackwichThree;
		};
		A87C180527B4E2A9006403F4 /* PBXContainerItemProxy */ = {
			isa = PBXContainerItemProxy;
			containerPortal = A87C17DB27B4E2A8006403F4 /* Project object */;
			proxyType = 1;
			remoteGlobalIDString = A87C17E227B4E2A8006403F4;
			remoteInfo = HackwichThree;
		};
/* End PBXContainerItemProxy section */

/* Begin PBXFileReference section */
		A87C17E327B4E2A8006403F4 /* HackwichThree.app */ = {isa = PBXFileReference; explicitFileType = wrapper.application; includeInIndex = 0; path = HackwichThree.app; sourceTree = BUILT_PRODUCTS_DIR; };
		A87C17E627B4E2A8006403F4 /* AppDelegate.swift */ = {isa = PBXFileReference; lastKnownFileType = sourcecode.swift; path = AppDelegate.swift; sourceTree = "<group>"; };
		A87C17E827B4E2A8006403F4 /* SceneDelegate.swift */ = {isa = PBXFileReference; lastKnownFileType = sourcecode.swift; path = SceneDelegate.swift; sourceTree = "<group>"; };
		A87C17EA27B4E2A8006403F4 /* ViewController.swift */ = {isa = PBXFileReference; lastKnownFileType = sourcecode.swift; path = ViewController.swift; sourceTree = "<group>"; };
		A87C17ED27B4E2A8006403F4 /* Base */ = {isa = PBXFileReference; lastKnownFileType = file.storyboard; name = Base; path = Base.lproj/Main.storyboard; sourceTree = "<group>"; };
		A87C17EF27B4E2A9006403F4 /* Assets.xcassets */ = {isa = PBXFileReference; lastKnownFileType = folder.assetcatalog; path = Assets.xcassets; sourceTree = "<group>"; };
		A87C17F227B4E2A9006403F4 /* Base */ = {isa = PBXFileReference; lastKnownFileType = file.storyboard; name = Base; path = Base.lproj/LaunchScreen.storyboard; sourceTree = "<group>"; };
		A87C17F427B4E2A9006403F4 /* Info.plist */ = {isa = PBXFileReference; lastKnownFileType = text.plist.xml; path = Info.plist; sourceTree = "<group>"; };
		A87C17F927B4E2A9006403F4 /* HackwichThreeTests.xctest */ = {isa = PBXFileReference; explicitFileType = wrapper.cfbundle; includeInIndex = 0; path = HackwichThreeTests.xctest; sourceTree = BUILT_PRODUCTS_DIR; };
		A87C17FD27B4E2A9006403F4 /* HackwichThreeTests.swift */ = {isa = PBXFileReference; lastKnownFileType = sourcecode.swift; path = HackwichThreeTests.swift; sourceTree = "<group>"; };
		A87C17FF27B4E2A9006403F4 /* Info.plist */ = {isa = PBXFileReference; lastKnownFileType = text.plist.xml; path = Info.plist; sourceTree = "<group>"; };
		A87C180427B4E2A9006403F4 /* HackwichThreeUITests.xctest */ = {isa = PBXFileReference; explicitFileType = wrapper.cfbundle; includeInIndex = 0; path = HackwichThreeUITests.xctest; sourceTree = BUILT_PRODUCTS_DIR; };
		A87C180827B4E2A9006403F4 /* HackwichThreeUITests.swift */ = {isa = PBXFileReference; lastKnownFileType = sourcecode.swift; path = HackwichThreeUITests.swift; sourceTree = "<group>"; };
		A87C180A27B4E2A9006403F4 /* Info.plist */ = {isa = PBXFileReference; lastKnownFileType = text.plist.xml; path = Info.plist; sourceTree = "<group>"; };
/* End PBXFileReference section */

/* Begin PBXFrameworksBuildPhase section */
		A87C17E027B4E2A8006403F4 /* Frameworks */ = {
			isa = PBXFrameworksBuildPhase;
			buildActionMask = 2147483647;
			files = (
			);
			runOnlyForDeploymentPostprocessing = 0;
		};
		A87C17F627B4E2A9006403F4 /* Frameworks */ = {
			isa = PBXFrameworksBuildPhase;
			buildActionMask = 2147483647;
			files = (
			);
			runOnlyForDeploymentPostprocessing = 0;
		};
		A87C180127B4E2A9006403F4 /* Frameworks */ = {
			isa = PBXFrameworksBuildPhase;
			buildActionMask = 2147483647;
			files = (
			);
			runOnlyForDeploymentPostprocessing = 0;
		};
/* End PBXFrameworksBuildPhase section */

/* Begin PBXGroup section */
		A87C17DA27B4E2A8006403F4 = {
			isa = PBXGroup;
			children = (
				A87C17E527B4E2A8006403F4 /* HackwichThree */,
				A87C17FC27B4E2A9006403F4 /* HackwichThreeTests */,
				A87C180727B4E2A9006403F4 /* HackwichThreeUITests */,
				A87C17E427B4E2A8006403F4 /* Products */,
			);
			sourceTree = "<group>";
		};
		A87C17E427B4E2A8006403F4 /* Products */ = {
			isa = PBXGroup;
			children = (
				A87C17E327B4E2A8006403F4 /* HackwichThree.app */,
				A87C17F927B4E2A9006403F4 /* HackwichThreeTests.xctest */,
				A87C180427B4E2A9006403F4 /* HackwichThreeUITests.xctest */,
			);
			name = Products;
			sourceTree = "<group>";
		};
		A87C17E527B4E2A8006403F4 /* HackwichThree */ = {
			isa = PBXGroup;
			children = (
				A87C17E627B4E2A8006403F4 /* AppDelegate.swift */,
				A87C17E827B4E2A8006403F4 /* SceneDelegate.swift */,
				A87C17EA27B4E2A8006403F4 /* ViewController.swift */,
				A87C17EC27B4E2A8006403F4 /* Main.storyboard */,
				A87C17EF27B4E2A9006403F4 /* Assets.xcassets */,
				A87C17F127B4E2A9006403F4 /* LaunchScreen.storyboard */,
				A87C17F427B4E2A9006403F4 /* Info.plist */,
			);
			path = HackwichThree;
			sourceTree = "<group>";
		};
		A87C17FC27B4E2A9006403F4 /* HackwichThreeTests */ = {
			isa = PBXGroup;
			children = (
				A87C17FD27B4E2A9006403F4 /* HackwichThreeTests.swift */,
				A87C17FF27B4E2A9006403F4 /* Info.plist */,
			);
			path = HackwichThreeTests;
			sourceTree = "<group>";
		};
		A87C180727B4E2A9006403F4 /* HackwichThreeUITests */ = {
			isa = PBXGroup;
			children = (
				A87C180827B4E2A9006403F4 /* HackwichThreeUITests.swift */,
				A87C180A27B4E2A9006403F4 /* Info.plist */,
			);
			path = HackwichThreeUITests;
			sourceTree = "<group>";
		};
/* End PBXGroup section */

/* Begin PBXNativeTarget section */
		A87C17E227B4E2A8006403F4 /* HackwichThree */ = {
			isa = PBXNativeTarget;
			buildConfigurationList = A87C180D27B4E2A9006403F4 /* Build configuration list for PBXNativeTarget "HackwichThree" */;
			buildPhases = (
				A87C17DF27B4E2A8006403F4 /* Sources */,
				A87C17E027B4E2A8006403F4 /* Frameworks */,
				A87C17E127B4E2A8006403F4 /* Resources */,
			);
			buildRules = (
			);
			dependencies = (
			);
			name = HackwichThree;
			productName = HackwichThree;
			productReference = A87C17E327B4E2A8006403F4 /* HackwichThree.app */;
			productType = "com.apple.product-type.application";
		};
		A87C17F827B4E2A9006403F4 /* HackwichThreeTests */ = {
			isa = PBXNativeTarget;
			buildConfigurationList = A87C181027B4E2A9006403F4 /* Build configuration list for PBXNativeTarget "HackwichThreeTests" */;
			buildPhases = (
				A87C17F527B4E2A9006403F4 /* Sources */,
				A87C17F627B4E2A9006403F4 /* Frameworks */,
				A87C17F727B4E2A9006403F4 /* Resources */,
			);
			buildRules = (
			);
			dependencies = (
				A87C17FB27B4E2A9006403F4 /* PBXTargetDependency */,
			);
			name = HackwichThreeTests;
			productName = HackwichThreeTests;
			productReference = A87C17F927B4E2A9006403F4 /* HackwichThreeTests.xctest */;
			productType = "com.apple.product-type.bundle.unit-test";
		};
		A87C180327B4E2A9006403F4 /* HackwichThreeUITests */ = {
			isa = PBXNativeTarget;
			buildConfigurationList = A87C181327B4E2A9006403F4 /* Build configuration list for PBXNativeTarget "HackwichThreeUITests" */;
			buildPhases = (
				A87C180027B4E2A9006403F4 /* Sources */,
				A87C180127B4E2A9006403F4 /* Frameworks */,
				A87C180227B4E2A9006403F4 /* Resources */,
			);
			buildRules = (
			);
			dependencies = (
				A87C180627B4E2A9006403F4 /* PBXTargetDependency */,
			);
			name = HackwichThreeUITests;
			productName = HackwichThreeUITests;
			productReference = A87C180427B4E2A9006403F4 /* HackwichThreeUITests.xctest */;
			productType = "com.apple.product-type.bundle.ui-testing";
		};
/* End PBXNativeTarget section */

/* Begin PBXProject section */
		A87C17DB27B4E2A8006403F4 /* Project object */ = {
			isa = PBXProject;
			attributes = {
				LastSwiftUpdateCheck = 1130;
				LastUpgradeCheck = 1130;
				ORGANIZATIONNAME = jurican;
				TargetAttributes = {
					A87C17E227B4E2A8006403F4 = {
						CreatedOnToolsVersion = 11.3.1;
					};
					A87C17F827B4E2A9006403F4 = {
						CreatedOnToolsVersion = 11.3.1;
						TestTargetID = A87C17E227B4E2A8006403F4;
					};
					A87C180327B4E2A9006403F4 = {
						CreatedOnToolsVersion = 11.3.1;
						TestTargetID = A87C17E227B4E2A8006403F4;
					};
				};
			};
			buildConfigurationList = A87C17DE27B4E2A8006403F4 /* Build configuration list for PBXProject "HackwichThree" */;
			compatibilityVersion = "Xcode 9.3";
			developmentRegion = en;
			hasScannedForEncodings = 0;
			knownRegions = (
				en,
				Base,
			);
			mainGroup = A87C17DA27B4E2A8006403F4;
			productRefGroup = A87C17E427B4E2A8006403F4 /* Products */;
			projectDirPath = "";
			projectRoot = "";
			targets = (
				A87C17E227B4E2A8006403F4 /* HackwichThree */,
				A87C17F827B4E2A9006403F4 /* HackwichThreeTests */,
				A87C180327B4E2A9006403F4 /* HackwichThreeUITests */,
			);
		};
/* End PBXProject section */

/* Begin PBXResourcesBuildPhase section */
		A87C17E127B4E2A8006403F4 /* Resources */ = {
			isa = PBXResourcesBuildPhase;
			buildActionMask = 2147483647;
			files = (
				A87C17F327B4E2A9006403F4 /* LaunchScreen.storyboard in Resources */,
				A87C17F027B4E2A9006403F4 /* Assets.xcassets in Resources */,
				A87C17EE27B4E2A8006403F4 /* Main.storyboard in Resources */,
			);
			runOnlyForDeploymentPostprocessing = 0;
		};
		A87C17F727B4E2A9006403F4 /* Resources */ = {
			isa = PBXResourcesBuildPhase;
			buildActionMask = 2147483647;
			files = (
			);
			runOnlyForDeploymentPostprocessing = 0;
		};
		A87C180227B4E2A9006403F4 /* Resources */ = {
			isa = PBXResourcesBuildPhase;
			buildActionMask = 2147483647;
			files = (
			);
			runOnlyForDeploymentPostprocessing = 0;
		};
/* End PBXResourcesBuildPhase section */

/* Begin PBXSourcesBuildPhase section */
		A87C17DF27B4E2A8006403F4 /* Sources */ = {
			isa = PBXSourcesBuildPhase;
			buildActionMask = 2147483647;
			files = (
				A87C17EB27B4E2A8006403F4 /* ViewController.swift in Sources */,
				A87C17E727B4E2A8006403F4 /* AppDelegate.swift in Sources */,
				A87C17E927B4E2A8006403F4 /* SceneDelegate.swift in Sources */,
			);
			runOnlyForDeploymentPostprocessing = 0;
		};
		A87C17F527B4E2A9006403F4 /* Sources */ = {
			isa = PBXSourcesBuildPhase;
			buildActionMask = 2147483647;
			files = (
				A87C17FE27B4E2A9006403F4 /* HackwichThreeTests.swift in Sources */,
			);
			runOnlyForDeploymentPostprocessing = 0;
		};
		A87C180027B4E2A9006403F4 /* Sources */ = {
			isa = PBXSourcesBuildPhase;
			buildActionMask = 2147483647;
			files = (
				A87C180927B4E2A9006403F4 /* HackwichThreeUITests.swift in Sources */,
			);
			runOnlyForDeploymentPostprocessing = 0;
		};
/* End PBXSourcesBuildPhase section */

/* Begin PBXTargetDependency section */
		A87C17FB27B4E2A9006403F4 /* PBXTargetDependency */ = {
			isa = PBXTargetDependency;
			target = A87C17E227B4E2A8006403F4 /* HackwichThree */;
			targetProxy = A87C17FA27B4E2A9006403F4 /* PBXContainerItemProxy */;
		};
		A87C180627B4E2A9006403F4 /* PBXTargetDependency */ = {
			isa = PBXTargetDependency;
			target = A87C17E227B4E2A8006403F4 /* HackwichThree */;
			targetProxy = A87C180527B4E2A9006403F4 /* PBXContainerItemProxy */;
		};
/* End PBXTargetDependency section */

/* Begin PBXVariantGroup section */
		A87C17EC27B4E2A8006403F4 /* Main.storyboard */ = {
			isa = PBXVariantGroup;
			children = (
				A87C17ED27B4E2A8006403F4 /* Base */,
			);
			name = Main.storyboard;
			sourceTree = "<group>";
		};
		A87C17F127B4E2A9006403F4 /* LaunchScreen.storyboard */ = {
			isa = PBXVariantGroup;
			children = (
				A87C17F227B4E2A9006403F4 /* Base */,
			);
			name = LaunchScreen.storyboard;
			sourceTree = "<group>";
		};
/* End PBXVariantGroup section */

/* Begin XCBuildConfiguration section */
		A87C180B27B4E2A9006403F4 /* Debug */ = {
			isa = XCBuildConfiguration;
			buildSettings = {
				ALWAYS_SEARCH_USER_PATHS = NO;
				CLANG_ANALYZER_NONNULL = YES;
				CLANG_ANALYZER_NUMBER_OBJECT_CONVERSION = YES_AGGRESSIVE;
				CLANG_CXX_LANGUAGE_STANDARD = "gnu++14";
				CLANG_CXX_LIBRARY = "libc++";
				CLANG_ENABLE_MODULES = YES;
				CLANG_ENABLE_OBJC_ARC = YES;
				CLANG_ENABLE_OBJC_WEAK = YES;
				CLANG_WARN_BLOCK_CAPTURE_AUTORELEASING = YES;
				CLANG_WARN_BOOL_CONVERSION = YES;
				CLANG_WARN_COMMA = YES;
				CLANG_WARN_CONSTANT_CONVERSION = YES;
				CLANG_WARN_DEPRECATED_OBJC_IMPLEMENTATIONS = YES;
				CLANG_WARN_DIRECT_OBJC_ISA_USAGE = YES_ERROR;
				CLANG_WARN_DOCUMENTATION_COMMENTS = YES;
				CLANG_WARN_EMPTY_BODY = YES;
				CLANG_WARN_ENUM_CONVERSION = YES;
				CLANG_WARN_INFINITE_RECURSION = YES;
				CLANG_WARN_INT_CONVERSION = YES;
				CLANG_WARN_NON_LITERAL_NULL_CONVERSION = YES;
				CLANG_WARN_OBJC_IMPLICIT_RETAIN_SELF = YES;
				CLANG_WARN_OBJC_LITERAL_CONVERSION = YES;
				CLANG_WARN_OBJC_ROOT_CLASS = YES_ERROR;
				CLANG_WARN_RANGE_LOOP_ANALYSIS = YES;
				CLANG_WARN_STRICT_PROTOTYPES = YES;
				CLANG_WARN_SUSPICIOUS_MOVE = YES;
				CLANG_WARN_UNGUARDED_AVAILABILITY = YES_AGGRESSIVE;
				CLANG_WARN_UNREACHABLE_CODE = YES;
				CLANG_WARN__DUPLICATE_METHOD_MATCH = YES;
				COPY_PHASE_STRIP = NO;
				DEBUG_INFORMATION_FORMAT = dwarf;
				ENABLE_STRICT_OBJC_MSGSEND = YES;
				ENABLE_TESTABILITY = YES;
				GCC_C_LANGUAGE_STANDARD = gnu11;
				GCC_DYNAMIC_NO_PIC = NO;
				GCC_NO_COMMON_BLOCKS = YES;
				GCC_OPTIMIZATION_LEVEL = 0;
				GCC_PREPROCESSOR_DEFINITIONS = (
					"DEBUG=1",
					"$(inherited)",
				);
				GCC_WARN_64_TO_32_BIT_CONVERSION = YES;
				GCC_WARN_ABOUT_RETURN_TYPE = YES_ERROR;
				GCC_WARN_UNDECLARED_SELECTOR = YES;
				GCC_WARN_UNINITIALIZED_AUTOS = YES_AGGRESSIVE;
				GCC_WARN_UNUSED_FUNCTION = YES;
				GCC_WARN_UNUSED_VARIABLE = YES;
				IPHONEOS_DEPLOYMENT_TARGET = 13.2;
				MTL_ENABLE_DEBUG_INFO = INCLUDE_SOURCE;
				MTL_FAST_MATH = YES;
				ONLY_ACTIVE_ARCH = YES;
				SDKROOT = iphoneos;
				SWIFT_ACTIVE_COMPILATION_CONDITIONS = DEBUG;
				SWIFT_OPTIMIZATION_LEVEL = "-Onone";
			};
			name = Debug;
		};
		A87C180C27B4E2A9006403F4 /* Release */ = {
			isa = XCBuildConfiguration;
			buildSettings = {
				ALWAYS_SEARCH_USER_PATHS = NO;
				CLANG_ANALYZER_NONNULL = YES;
				CLANG_ANALYZER_NUMBER_OBJECT_CONVERSION = YES_AGGRESSIVE;
				CLANG_CXX_LANGUAGE_STANDARD = "gnu++14";
				CLANG_CXX_LIBRARY = "libc++";
				CLANG_ENABLE_MODULES = YES;
				CLANG_ENABLE_OBJC_ARC = YES;
				CLANG_ENABLE_OBJC_WEAK = YES;
				CLANG_WARN_BLOCK_CAPTURE_AUTORELEASING = YES;
				CLANG_WARN_BOOL_CONVERSION = YES;
				CLANG_WARN_COMMA = YES;
				CLANG_WARN_CONSTANT_CONVERSION = YES;
				CLANG_WARN_DEPRECATED_OBJC_IMPLEMENTATIONS = YES;
				CLANG_WARN_DIRECT_OBJC_ISA_USAGE = YES_ERROR;
				CLANG_WARN_DOCUMENTATION_COMMENTS = YES;
				CLANG_WARN_EMPTY_BODY = YES;
				CLANG_WARN_ENUM_CONVERSION = YES;
				CLANG_WARN_INFINITE_RECURSION = YES;
				CLANG_WARN_INT_CONVERSION = YES;
				CLANG_WARN_NON_LITERAL_NULL_CONVERSION = YES;
				CLANG_WARN_OBJC_IMPLICIT_RETAIN_SELF = YES;
				CLANG_WARN_OBJC_LITERAL_CONVERSION = YES;
				CLANG_WARN_OBJC_ROOT_CLASS = YES_ERROR;
				CLANG_WARN_RANGE_LOOP_ANALYSIS = YES;
				CLANG_WARN_STRICT_PROTOTYPES = YES;
				CLANG_WARN_SUSPICIOUS_MOVE = YES;
				CLANG_WARN_UNGUARDED_AVAILABILITY = YES_AGGRESSIVE;
				CLANG_WARN_UNREACHABLE_CODE = YES;
				CLANG_WARN__DUPLICATE_METHOD_MATCH = YES;
				COPY_PHASE_STRIP = NO;
				DEBUG_INFORMATION_FORMAT = "dwarf-with-dsym";
				ENABLE_NS_ASSERTIONS = NO;
				ENABLE_STRICT_OBJC_MSGSEND = YES;
				GCC_C_LANGUAGE_STANDARD = gnu11;
				GCC_NO_COMMON_BLOCKS = YES;
				GCC_WARN_64_TO_32_BIT_CONVERSION = YES;
				GCC_WARN_ABOUT_RETURN_TYPE = YES_ERROR;
				GCC_WARN_UNDECLARED_SELECTOR = YES;
				GCC_WARN_UNINITIALIZED_AUTOS = YES_AGGRESSIVE;
				GCC_WARN_UNUSED_FUNCTION = YES;
				GCC_WARN_UNUSED_VARIABLE = YES;
				IPHONEOS_DEPLOYMENT_TARGET = 13.2;
				MTL_ENABLE_DEBUG_INFO = NO;
				MTL_FAST_MATH = YES;
				SDKROOT = iphoneos;
				SWIFT_COMPILATION_MODE = wholemodule;
				SWIFT_OPTIMIZATION_LEVEL = "-O";
				VALIDATE_PRODUCT = YES;
			};
			name = Release;
		};
		A87C180E27B4E2A9006403F4 /* Debug */ = {
			isa = XCBuildConfiguration;
			buildSettings = {
				ASSETCATALOG_COMPILER_APPICON_NAME = AppIcon;
				CODE_SIGN_STYLE = Automatic;
				DEVELOPMENT_TEAM = KLR7J39ZD5;
				INFOPLIST_FILE = HackwichThree/Info.plist;
				LD_RUNPATH_SEARCH_PATHS = (
					"$(inherited)",
					"@executable_path/Frameworks",
				);
				PRODUCT_BUNDLE_IDENTIFIER = UHWO.HackwichThree;
				PRODUCT_NAME = "$(TARGET_NAME)";
				SWIFT_VERSION = 5.0;
				TARGETED_DEVICE_FAMILY = "1,2";
			};
			name = Debug;
		};
		A87C180F27B4E2A9006403F4 /* Release */ = {
			isa = XCBuildConfiguration;
			buildSettings = {
				ASSETCATALOG_COMPILER_APPICON_NAME = AppIcon;
				CODE_SIGN_STYLE = Automatic;
				DEVELOPMENT_TEAM = KLR7J39ZD5;
				INFOPLIST_FILE = HackwichThree/Info.plist;
				LD_RUNPATH_SEARCH_PATHS = (
					"$(inherited)",
					"@executable_path/Frameworks",
				);
				PRODUCT_BUNDLE_IDENTIFIER = UHWO.HackwichThree;
				PRODUCT_NAME = "$(TARGET_NAME)";
				SWIFT_VERSION = 5.0;
				TARGETED_DEVICE_FAMILY = "1,2";
			};
			name = Release;
		};
		A87C181127B4E2A9006403F4 /* Debug */ = {
			isa = XCBuildConfiguration;
			buildSettings = {
				ALWAYS_EMBED_SWIFT_STANDARD_LIBRARIES = YES;
				BUNDLE_LOADER = "$(TEST_HOST)";
				CODE_SIGN_STYLE = Automatic;
				DEVELOPMENT_TEAM = KLR7J39ZD5;
				INFOPLIST_FILE = HackwichThreeTests/Info.plist;
				IPHONEOS_DEPLOYMENT_TARGET = 13.2;
				LD_RUNPATH_SEARCH_PATHS = (
					"$(inherited)",
					"@executable_path/Frameworks",
					"@loader_path/Frameworks",
				);
				PRODUCT_BUNDLE_IDENTIFIER = UHWO.HackwichThreeTests;
				PRODUCT_NAME = "$(TARGET_NAME)";
				SWIFT_VERSION = 5.0;
				TARGETED_DEVICE_FAMILY = "1,2";
				TEST_HOST = "$(BUILT_PRODUCTS_DIR)/HackwichThree.app/HackwichThree";
			};
			name = Debug;
		};
		A87C181227B4E2A9006403F4 /* Release */ = {
			isa = XCBuildConfiguration;
			buildSettings = {
				ALWAYS_EMBED_SWIFT_STANDARD_LIBRARIES = YES;
				BUNDLE_LOADER = "$(TEST_HOST)";
				CODE_SIGN_STYLE = Automatic;
				DEVELOPMENT_TEAM = KLR7J39ZD5;
				INFOPLIST_FILE = HackwichThreeTests/Info.plist;
				IPHONEOS_DEPLOYMENT_TARGET = 13.2;
				LD_RUNPATH_SEARCH_PATHS = (
					"$(inherited)",
					"@executable_path/Frameworks",
					"@loader_path/Frameworks",
				);
				PRODUCT_BUNDLE_IDENTIFIER = UHWO.HackwichThreeTests;
				PRODUCT_NAME = "$(TARGET_NAME)";
				SWIFT_VERSION = 5.0;
				TARGETED_DEVICE_FAMILY = "1,2";
				TEST_HOST = "$(BUILT_PRODUCTS_DIR)/HackwichThree.app/HackwichThree";
			};
			name = Release;
		};
		A87C181427B4E2A9006403F4 /* Debug */ = {
			isa = XCBuildConfiguration;
			buildSettings = {
				ALWAYS_EMBED_SWIFT_STANDARD_LIBRARIES = YES;
				CODE_SIGN_STYLE = Automatic;
				DEVELOPMENT_TEAM = KLR7J39ZD5;
				INFOPLIST_FILE = HackwichThreeUITests/Info.plist;
				LD_RUNPATH_SEARCH_PATHS = (
					"$(inherited)",
					"@executable_path/Frameworks",
					"@loader_path/Frameworks",
				);
				PRODUCT_BUNDLE_IDENTIFIER = UHWO.HackwichThreeUITests;
				PRODUCT_NAME = "$(TARGET_NAME)";
				SWIFT_VERSION = 5.0;
				TARGETED_DEVICE_FAMILY = "1,2";
				TEST_TARGET_NAME = HackwichThree;
			};
			name = Debug;
		};
		A87C181527B4E2A9006403F4 /* Release */ = {
			isa = XCBuildConfiguration;
			buildSettings = {
				ALWAYS_EMBED_SWIFT_STANDARD_LIBRARIES = YES;
				CODE_SIGN_STYLE = Automatic;
				DEVELOPMENT_TEAM = KLR7J39ZD5;
				INFOPLIST_FILE = HackwichThreeUITests/Info.plist;
				LD_RUNPATH_SEARCH_PATHS = (
					"$(inherited)",
					"@executable_path/Frameworks",
					"@loader_path/Frameworks",
				);
				PRODUCT_BUNDLE_IDENTIFIER = UHWO.HackwichThreeUITests;
				PRODUCT_NAME = "$(TARGET_NAME)";
				SWIFT_VERSION = 5.0;
				TARGETED_DEVICE_FAMILY = "1,2";
				TEST_TARGET_NAME = HackwichThree;
			};
			name = Release;
		};
/* End XCBuildConfiguration section */

/* Begin XCConfigurationList section */
		A87C17DE27B4E2A8006403F4 /* Build configuration list for PBXProject "HackwichThree" */ = {
			isa = XCConfigurationList;
			buildConfigurations = (
				A87C180B27B4E2A9006403F4 /* Debug */,
				A87C180C27B4E2A9006403F4 /* Release */,
			);
			defaultConfigurationIsVisible = 0;
			defaultConfigurationName = Release;
		};
		A87C180D27B4E2A9006403F4 /* Build configuration list for PBXNativeTarget "HackwichThree" */ = {
			isa = XCConfigurationList;
			buildConfigurations = (
				A87C180E27B4E2A9006403F4 /* Debug */,
				A87C180F27B4E2A9006403F4 /* Release */,
			);
			defaultConfigurationIsVisible = 0;
			defaultConfigurationName = Release;
		};
		A87C181027B4E2A9006403F4 /* Build configuration list for PBXNativeTarget "HackwichThreeTests" */ = {
			isa = XCConfigurationList;
			buildConfigurations = (
				A87C181127B4E2A9006403F4 /* Debug */,
				A87C181227B4E2A9006403F4 /* Release */,
			);
			defaultConfigurationIsVisible = 0;
			defaultConfigurationName = Release;
		};
		A87C181327B4E2A9006403F4 /* Build configuration list for PBXNativeTarget "HackwichThreeUITests" */ = {
			isa = XCConfigurationList;
			buildConfigurations = (
				A87C181427B4E2A9006403F4 /* Debug */,
				A87C181527B4E2A9006403F4 /* Release */,
			);
			defaultConfigurationIsVisible = 0;
			defaultConfigurationName = Release;
		};
/* End XCConfigurationList section */
	};
	rootObject = A87C17DB27B4E2A8006403F4 /* Project object */;
}
